
Microsoft Visual Studio Solution File, Format Version 12.00
# Visual Studio Version 16
VisualStudioVersion = 16.0.31313.79
MinimumVisualStudioVersion = 10.0.40219.1
Project("{FAE04EC0-301F-11D3-BF4B-00C04F79EFBC}") = "Hero.Assessment.MVC.Web", "Hero.Assessment.MVC.Web\Hero.Assessment.MVC.Web.csproj", "{36538BFF-17DB-4AA3-B95C-900743A300FB}"
EndProject
Project("{2150E333-8FDC-42A3-9474-1A3956D46DE8}") = "Web", "Web", "{9D3E0C19-1783-4DF6-AFA6-BB06D60F80A4}"
EndProject
Global
	GlobalSection(SolutionConfigurationPlatforms) = preSolution
		Debug|Any CPU = Debug|Any CPU
		Release|Any CPU = Release|Any CPU
	EndGlobalSection
	GlobalSection(ProjectConfigurationPlatforms) = postSolution
		{36538BFF-17DB-4AA3-B95C-900743A300FB}.Debug|Any CPU.ActiveCfg = Debug|Any CPU
		{36538BFF-17DB-4AA3-B95C-900743A300FB}.Debug|Any CPU.Build.0 = Debug|Any CPU
		{36538BFF-17DB-4AA3-B95C-900743A300FB}.Release|Any CPU.ActiveCfg = Release|Any CPU
		{36538BFF-17DB-4AA3-B95C-900743A300FB}.Release|Any CPU.Build.0 = Release|Any CPU
	EndGlobalSection
	GlobalSection(SolutionProperties) = preSolution
		HideSolutionNode = FALSE
	EndGlobalSection
	GlobalSection(NestedProjects) = preSolution
		{36538BFF-17DB-4AA3-B95C-900743A300FB} = {9D3E0C19-1783-4DF6-AFA6-BB06D60F80A4}
	EndGlobalSection
	GlobalSection(ExtensibilityGlobals) = postSolution
		SolutionGuid = {D854279C-2008-4D4D-8EA4-CFE1C2E39790}
	EndGlobalSection
EndGlobal
